// !$*UTF8*$!
{
	archiveVersion = 1;
	classes = {
	};
	objectVersion = 50;
	objects = {

/* Begin PBXBuildFile section */
		815F850B226B402B00D17B4E /* Dictionary+.swift in Sources */ = {isa = PBXBuildFile; fileRef = 815F8506226B402B00D17B4E /* Dictionary+.swift */; };
		815F850C226B402B00D17B4E /* Typealiases.swift in Sources */ = {isa = PBXBuildFile; fileRef = 815F8507226B402B00D17B4E /* Typealiases.swift */; };
		815F850D226B402B00D17B4E /* Thread+.swift in Sources */ = {isa = PBXBuildFile; fileRef = 815F8508226B402B00D17B4E /* Thread+.swift */; };
		815F850E226B402B00D17B4E /* PersistentDictionary.swift in Sources */ = {isa = PBXBuildFile; fileRef = 815F8509226B402B00D17B4E /* PersistentDictionary.swift */; };
		815F850F226B402B00D17B4E /* UIView+.swift in Sources */ = {isa = PBXBuildFile; fileRef = 815F850A226B402B00D17B4E /* UIView+.swift */; };
		81E8FF21226B2C5B00708DD0 /* OllysLibrary.h in Headers */ = {isa = PBXBuildFile; fileRef = 81E8FF1F226B2C5B00708DD0 /* OllysLibrary.h */; settings = {ATTRIBUTES = (Public, ); }; };
		81E8FF2D226B2CE800708DD0 /* DeviceCard.swift in Sources */ = {isa = PBXBuildFile; fileRef = 81E8FF25226B2CE800708DD0 /* DeviceCard.swift */; };
		81E8FF2E226B2CE800708DD0 /* Log.swift in Sources */ = {isa = PBXBuildFile; fileRef = 81E8FF26226B2CE800708DD0 /* Log.swift */; };
		81E8FF2F226B2CE800708DD0 /* DeviceCtrl.swift in Sources */ = {isa = PBXBuildFile; fileRef = 81E8FF27226B2CE800708DD0 /* DeviceCtrl.swift */; };
		81E8FF30226B2CE800708DD0 /* MetaWear+.swift in Sources */ = {isa = PBXBuildFile; fileRef = 81E8FF28226B2CE800708DD0 /* MetaWear+.swift */; };
		81E8FF31226B2CE800708DD0 /* Devices.swift in Sources */ = {isa = PBXBuildFile; fileRef = 81E8FF29226B2CE800708DD0 /* Devices.swift */; };
		81E8FF32226B2CE800708DD0 /* AccelerometerCtrl.swift in Sources */ = {isa = PBXBuildFile; fileRef = 81E8FF2A226B2CE800708DD0 /* AccelerometerCtrl.swift */; };
		81E8FF33226B2CE800708DD0 /* AccelerometerMeasurment.swift in Sources */ = {isa = PBXBuildFile; fileRef = 81E8FF2B226B2CE800708DD0 /* AccelerometerMeasurment.swift */; };
		81E8FF34226B2CE800708DD0 /* LedCtrl.swift in Sources */ = {isa = PBXBuildFile; fileRef = 81E8FF2C226B2CE800708DD0 /* LedCtrl.swift */; };
		81E8FF36226B340400708DD0 /* Podfile in Resources */ = {isa = PBXBuildFile; fileRef = 81E8FF35226B340400708DD0 /* Podfile */; };
		84EEA7BC9C5506EC20386EFA /* Pods_OllysLibrary.framework in Frameworks */ = {isa = PBXBuildFile; fileRef = 8AA9E7BA3780CF241D1EA86F /* Pods_OllysLibrary.framework */; };
/* End PBXBuildFile section */

/* Begin PBXFileReference section */
		4D8CC2A5ADF153A216BAB538 /* Pods-OllysLibrary.debug.xcconfig */ = {isa = PBXFileReference; includeInIndex = 1; lastKnownFileType = text.xcconfig; name = "Pods-OllysLibrary.debug.xcconfig"; path = "Pods/Target Support Files/Pods-OllysLibrary/Pods-OllysLibrary.debug.xcconfig"; sourceTree = "<group>"; };
		815F8506226B402B00D17B4E /* Dictionary+.swift */ = {isa = PBXFileReference; fileEncoding = 4; lastKnownFileType = sourcecode.swift; path = "Dictionary+.swift"; sourceTree = "<group>"; };
		815F8507226B402B00D17B4E /* Typealiases.swift */ = {isa = PBXFileReference; fileEncoding = 4; lastKnownFileType = sourcecode.swift; path = Typealiases.swift; sourceTree = "<group>"; };
		815F8508226B402B00D17B4E /* Thread+.swift */ = {isa = PBXFileReference; fileEncoding = 4; lastKnownFileType = sourcecode.swift; path = "Thread+.swift"; sourceTree = "<group>"; };
		815F8509226B402B00D17B4E /* PersistentDictionary.swift */ = {isa = PBXFileReference; fileEncoding = 4; lastKnownFileType = sourcecode.swift; path = PersistentDictionary.swift; sourceTree = "<group>"; };
		815F850A226B402B00D17B4E /* UIView+.swift */ = {isa = PBXFileReference; fileEncoding = 4; lastKnownFileType = sourcecode.swift; path = "UIView+.swift"; sourceTree = "<group>"; };
		819E6796226B2AB10021BBA8 /* OllysLibrary.framework */ = {isa = PBXFileReference; explicitFileType = wrapper.framework; includeInIndex = 0; path = OllysLibrary.framework; sourceTree = BUILT_PRODUCTS_DIR; };
		81E8FF1F226B2C5B00708DD0 /* OllysLibrary.h */ = {isa = PBXFileReference; fileEncoding = 4; lastKnownFileType = sourcecode.c.h; path = OllysLibrary.h; sourceTree = "<group>"; };
		81E8FF20226B2C5B00708DD0 /* Info.plist */ = {isa = PBXFileReference; fileEncoding = 4; lastKnownFileType = text.plist.xml; path = Info.plist; sourceTree = "<group>"; };
		81E8FF25226B2CE800708DD0 /* DeviceCard.swift */ = {isa = PBXFileReference; fileEncoding = 4; lastKnownFileType = sourcecode.swift; path = DeviceCard.swift; sourceTree = "<group>"; };
		81E8FF26226B2CE800708DD0 /* Log.swift */ = {isa = PBXFileReference; fileEncoding = 4; lastKnownFileType = sourcecode.swift; path = Log.swift; sourceTree = "<group>"; };
		81E8FF27226B2CE800708DD0 /* DeviceCtrl.swift */ = {isa = PBXFileReference; fileEncoding = 4; lastKnownFileType = sourcecode.swift; path = DeviceCtrl.swift; sourceTree = "<group>"; };
		81E8FF28226B2CE800708DD0 /* MetaWear+.swift */ = {isa = PBXFileReference; fileEncoding = 4; lastKnownFileType = sourcecode.swift; path = "MetaWear+.swift"; sourceTree = "<group>"; };
		81E8FF29226B2CE800708DD0 /* Devices.swift */ = {isa = PBXFileReference; fileEncoding = 4; lastKnownFileType = sourcecode.swift; path = Devices.swift; sourceTree = "<group>"; };
		81E8FF2A226B2CE800708DD0 /* AccelerometerCtrl.swift */ = {isa = PBXFileReference; fileEncoding = 4; lastKnownFileType = sourcecode.swift; path = AccelerometerCtrl.swift; sourceTree = "<group>"; };
		81E8FF2B226B2CE800708DD0 /* AccelerometerMeasurment.swift */ = {isa = PBXFileReference; fileEncoding = 4; lastKnownFileType = sourcecode.swift; path = AccelerometerMeasurment.swift; sourceTree = "<group>"; };
		81E8FF2C226B2CE800708DD0 /* LedCtrl.swift */ = {isa = PBXFileReference; fileEncoding = 4; lastKnownFileType = sourcecode.swift; path = LedCtrl.swift; sourceTree = "<group>"; };
		81E8FF35226B340400708DD0 /* Podfile */ = {isa = PBXFileReference; fileEncoding = 4; lastKnownFileType = text; path = Podfile; sourceTree = "<group>"; };
		8AA9E7BA3780CF241D1EA86F /* Pods_OllysLibrary.framework */ = {isa = PBXFileReference; explicitFileType = wrapper.framework; includeInIndex = 0; path = Pods_OllysLibrary.framework; sourceTree = BUILT_PRODUCTS_DIR; };
		B5ABC9350EE03EF2B9C68EA4 /* Pods-OllysLibrary.release.xcconfig */ = {isa = PBXFileReference; includeInIndex = 1; lastKnownFileType = text.xcconfig; name = "Pods-OllysLibrary.release.xcconfig"; path = "Pods/Target Support Files/Pods-OllysLibrary/Pods-OllysLibrary.release.xcconfig"; sourceTree = "<group>"; };
/* End PBXFileReference section */

/* Begin PBXFrameworksBuildPhase section */
		819E6793226B2AB10021BBA8 /* Frameworks */ = {
			isa = PBXFrameworksBuildPhase;
			buildActionMask = 2147483647;
			files = (
				84EEA7BC9C5506EC20386EFA /* Pods_OllysLibrary.framework in Frameworks */,
			);
			runOnlyForDeploymentPostprocessing = 0;
		};
/* End PBXFrameworksBuildPhase section */

/* Begin PBXGroup section */
		70BD353234AEEDF5008E8EF9 /* Frameworks */ = {
			isa = PBXGroup;
			children = (
				8AA9E7BA3780CF241D1EA86F /* Pods_OllysLibrary.framework */,
			);
			name = Frameworks;
			sourceTree = "<group>";
		};
		815F8505226B400800D17B4E /* SwiftSugar */ = {
			isa = PBXGroup;
			children = (
				815F8506226B402B00D17B4E /* Dictionary+.swift */,
				815F8509226B402B00D17B4E /* PersistentDictionary.swift */,
				815F8508226B402B00D17B4E /* Thread+.swift */,
				815F8507226B402B00D17B4E /* Typealiases.swift */,
				815F850A226B402B00D17B4E /* UIView+.swift */,
			);
			path = SwiftSugar;
			sourceTree = "<group>";
		};
		819E678C226B2AB10021BBA8 = {
			isa = PBXGroup;
			children = (
				815F8505226B400800D17B4E /* SwiftSugar */,
				81E8FF1C226B2C0D00708DD0 /* Code */,
				81E8FF1E226B2C3200708DD0 /* LibrarySettings */,
				819E6797226B2AB10021BBA8 /* Products */,
				F76CE049472934B300AF197B /* Pods */,
				70BD353234AEEDF5008E8EF9 /* Frameworks */,
			);
			sourceTree = "<group>";
		};
		819E6797226B2AB10021BBA8 /* Products */ = {
			isa = PBXGroup;
			children = (
				819E6796226B2AB10021BBA8 /* OllysLibrary.framework */,
			);
			name = Products;
			sourceTree = "<group>";
		};
		81E8FF1C226B2C0D00708DD0 /* Code */ = {
			isa = PBXGroup;
			children = (
				81E8FF29226B2CE800708DD0 /* Devices.swift */,
				81E8FF25226B2CE800708DD0 /* DeviceCard.swift */,
				81E8FF27226B2CE800708DD0 /* DeviceCtrl.swift */,
				81E8FF2A226B2CE800708DD0 /* AccelerometerCtrl.swift */,
				81E8FF2C226B2CE800708DD0 /* LedCtrl.swift */,
				81E8FF2B226B2CE800708DD0 /* AccelerometerMeasurment.swift */,
				81E8FF26226B2CE800708DD0 /* Log.swift */,
				81E8FF28226B2CE800708DD0 /* MetaWear+.swift */,
			);
			path = Code;
			sourceTree = "<group>";
		};
		81E8FF1E226B2C3200708DD0 /* LibrarySettings */ = {
			isa = PBXGroup;
			children = (
				81E8FF35226B340400708DD0 /* Podfile */,
				81E8FF20226B2C5B00708DD0 /* Info.plist */,
				81E8FF1F226B2C5B00708DD0 /* OllysLibrary.h */,
			);
			name = LibrarySettings;
			sourceTree = "<group>";
		};
		F76CE049472934B300AF197B /* Pods */ = {
			isa = PBXGroup;
			children = (
				4D8CC2A5ADF153A216BAB538 /* Pods-OllysLibrary.debug.xcconfig */,
				B5ABC9350EE03EF2B9C68EA4 /* Pods-OllysLibrary.release.xcconfig */,
			);
			name = Pods;
			sourceTree = "<group>";
		};
/* End PBXGroup section */

/* Begin PBXHeadersBuildPhase section */
		819E6791226B2AB10021BBA8 /* Headers */ = {
			isa = PBXHeadersBuildPhase;
			buildActionMask = 2147483647;
			files = (
				81E8FF21226B2C5B00708DD0 /* OllysLibrary.h in Headers */,
			);
			runOnlyForDeploymentPostprocessing = 0;
		};
/* End PBXHeadersBuildPhase section */

/* Begin PBXNativeTarget section */
		819E6795226B2AB10021BBA8 /* OllysLibrary */ = {
			isa = PBXNativeTarget;
			buildConfigurationList = 819E679E226B2AB10021BBA8 /* Build configuration list for PBXNativeTarget "OllysLibrary" */;
			buildPhases = (
				28BD4429D4C04FA1D864DBE1 /* [CP] Check Pods Manifest.lock */,
				819E6791226B2AB10021BBA8 /* Headers */,
				819E6792226B2AB10021BBA8 /* Sources */,
				819E6793226B2AB10021BBA8 /* Frameworks */,
				819E6794226B2AB10021BBA8 /* Resources */,
			);
			buildRules = (
			);
			dependencies = (
			);
			name = OllysLibrary;
			productName = OllysLibrary;
			productReference = 819E6796226B2AB10021BBA8 /* OllysLibrary.framework */;
			productType = "com.apple.product-type.framework";
		};
/* End PBXNativeTarget section */

/* Begin PBXProject section */
		819E678D226B2AB10021BBA8 /* Project object */ = {
			isa = PBXProject;
			attributes = {
				LastUpgradeCheck = 1020;
				ORGANIZATIONNAME = Aulendil;
				TargetAttributes = {
					819E6795226B2AB10021BBA8 = {
						CreatedOnToolsVersion = 10.2.1;
						LastSwiftMigration = 1020;
					};
				};
			};
			buildConfigurationList = 819E6790226B2AB10021BBA8 /* Build configuration list for PBXProject "OllysLibrary" */;
			compatibilityVersion = "Xcode 9.3";
			developmentRegion = en;
			hasScannedForEncodings = 0;
			knownRegions = (
				en,
			);
			mainGroup = 819E678C226B2AB10021BBA8;
			productRefGroup = 819E6797226B2AB10021BBA8 /* Products */;
			projectDirPath = "";
			projectRoot = "";
			targets = (
				819E6795226B2AB10021BBA8 /* OllysLibrary */,
			);
		};
/* End PBXProject section */

/* Begin PBXResourcesBuildPhase section */
		819E6794226B2AB10021BBA8 /* Resources */ = {
			isa = PBXResourcesBuildPhase;
			buildActionMask = 2147483647;
			files = (
				81E8FF36226B340400708DD0 /* Podfile in Resources */,
			);
			runOnlyForDeploymentPostprocessing = 0;
		};
/* End PBXResourcesBuildPhase section */

/* Begin PBXShellScriptBuildPhase section */
		28BD4429D4C04FA1D864DBE1 /* [CP] Check Pods Manifest.lock */ = {
			isa = PBXShellScriptBuildPhase;
			buildActionMask = 2147483647;
			files = (
			);
			inputPaths = (
				"${PODS_PODFILE_DIR_PATH}/Podfile.lock",
				"${PODS_ROOT}/Manifest.lock",
			);
			name = "[CP] Check Pods Manifest.lock";
			outputPaths = (
				"$(DERIVED_FILE_DIR)/Pods-OllysLibrary-checkManifestLockResult.txt",
			);
			runOnlyForDeploymentPostprocessing = 0;
			shellPath = /bin/sh;
			shellScript = "diff \"${PODS_PODFILE_DIR_PATH}/Podfile.lock\" \"${PODS_ROOT}/Manifest.lock\" > /dev/null\nif [ $? != 0 ] ; then\n    # print error to STDERR\n    echo \"error: The sandbox is not in sync with the Podfile.lock. Run 'pod install' or update your CocoaPods installation.\" >&2\n    exit 1\nfi\n# This output is used by Xcode 'outputs' to avoid re-running this script phase.\necho \"SUCCESS\" > \"${SCRIPT_OUTPUT_FILE_0}\"\n";
			showEnvVarsInLog = 0;
		};
/* End PBXShellScriptBuildPhase section */

/* Begin PBXSourcesBuildPhase section */
		819E6792226B2AB10021BBA8 /* Sources */ = {
			isa = PBXSourcesBuildPhase;
			buildActionMask = 2147483647;
			files = (
				815F850D226B402B00D17B4E /* Thread+.swift in Sources */,
				81E8FF32226B2CE800708DD0 /* AccelerometerCtrl.swift in Sources */,
				81E8FF2E226B2CE800708DD0 /* Log.swift in Sources */,
				815F850C226B402B00D17B4E /* Typealiases.swift in Sources */,
				815F850B226B402B00D17B4E /* Dictionary+.swift in Sources */,
				81E8FF34226B2CE800708DD0 /* LedCtrl.swift in Sources */,
				81E8FF2D226B2CE800708DD0 /* DeviceCard.swift in Sources */,
				81E8FF31226B2CE800708DD0 /* Devices.swift in Sources */,
				815F850E226B402B00D17B4E /* PersistentDictionary.swift in Sources */,
				81E8FF2F226B2CE800708DD0 /* DeviceCtrl.swift in Sources */,
				815F850F226B402B00D17B4E /* UIView+.swift in Sources */,
				81E8FF30226B2CE800708DD0 /* MetaWear+.swift in Sources */,
				81E8FF33226B2CE800708DD0 /* AccelerometerMeasurment.swift in Sources */,
			);
			runOnlyForDeploymentPostprocessing = 0;
		};
/* End PBXSourcesBuildPhase section */

/* Begin XCBuildConfiguration section */
		819E679C226B2AB10021BBA8 /* Debug */ = {
			isa = XCBuildConfiguration;
			buildSettings = {
				ALWAYS_SEARCH_USER_PATHS = NO;
				CLANG_ANALYZER_NONNULL = YES;
				CLANG_ANALYZER_NUMBER_OBJECT_CONVERSION = YES_AGGRESSIVE;
				CLANG_CXX_LANGUAGE_STANDARD = "gnu++14";
				CLANG_CXX_LIBRARY = "libc++";
				CLANG_ENABLE_MODULES = YES;
				CLANG_ENABLE_OBJC_ARC = YES;
				CLANG_ENABLE_OBJC_WEAK = YES;
				CLANG_WARN_BLOCK_CAPTURE_AUTORELEASING = YES;
				CLANG_WARN_BOOL_CONVERSION = YES;
				CLANG_WARN_COMMA = YES;
				CLANG_WARN_CONSTANT_CONVERSION = YES;
				CLANG_WARN_DEPRECATED_OBJC_IMPLEMENTATIONS = YES;
				CLANG_WARN_DIRECT_OBJC_ISA_USAGE = YES_ERROR;
				CLANG_WARN_DOCUMENTATION_COMMENTS = YES;
				CLANG_WARN_EMPTY_BODY = YES;
				CLANG_WARN_ENUM_CONVERSION = YES;
				CLANG_WARN_INFINITE_RECURSION = YES;
				CLANG_WARN_INT_CONVERSION = YES;
				CLANG_WARN_NON_LITERAL_NULL_CONVERSION = YES;
				CLANG_WARN_OBJC_IMPLICIT_RETAIN_SELF = YES;
				CLANG_WARN_OBJC_LITERAL_CONVERSION = YES;
				CLANG_WARN_OBJC_ROOT_CLASS = YES_ERROR;
				CLANG_WARN_RANGE_LOOP_ANALYSIS = YES;
				CLANG_WARN_STRICT_PROTOTYPES = YES;
				CLANG_WARN_SUSPICIOUS_MOVE = YES;
				CLANG_WARN_UNGUARDED_AVAILABILITY = YES_AGGRESSIVE;
				CLANG_WARN_UNREACHABLE_CODE = YES;
				CLANG_WARN__DUPLICATE_METHOD_MATCH = YES;
				CODE_SIGN_IDENTITY = "iPhone Developer";
				COPY_PHASE_STRIP = NO;
				CURRENT_PROJECT_VERSION = 1;
				DEBUG_INFORMATION_FORMAT = dwarf;
				ENABLE_STRICT_OBJC_MSGSEND = YES;
				ENABLE_TESTABILITY = YES;
				GCC_C_LANGUAGE_STANDARD = gnu11;
				GCC_DYNAMIC_NO_PIC = NO;
				GCC_NO_COMMON_BLOCKS = YES;
				GCC_OPTIMIZATION_LEVEL = 0;
				GCC_PREPROCESSOR_DEFINITIONS = (
					"DEBUG=1",
					"$(inherited)",
				);
				GCC_WARN_64_TO_32_BIT_CONVERSION = YES;
				GCC_WARN_ABOUT_RETURN_TYPE = YES_ERROR;
				GCC_WARN_UNDECLARED_SELECTOR = YES;
				GCC_WARN_UNINITIALIZED_AUTOS = YES_AGGRESSIVE;
				GCC_WARN_UNUSED_FUNCTION = YES;
				GCC_WARN_UNUSED_VARIABLE = YES;
				IPHONEOS_DEPLOYMENT_TARGET = 12.2;
				MTL_ENABLE_DEBUG_INFO = INCLUDE_SOURCE;
				MTL_FAST_MATH = YES;
				ONLY_ACTIVE_ARCH = YES;
				SDKROOT = iphoneos;
				SWIFT_ACTIVE_COMPILATION_CONDITIONS = DEBUG;
				SWIFT_OPTIMIZATION_LEVEL = "-Onone";
				VERSIONING_SYSTEM = "apple-generic";
				VERSION_INFO_PREFIX = "";
			};
			name = Debug;
		};
		819E679D226B2AB10021BBA8 /* Release */ = {
			isa = XCBuildConfiguration;
			buildSettings = {
				ALWAYS_SEARCH_USER_PATHS = NO;
				CLANG_ANALYZER_NONNULL = YES;
				CLANG_ANALYZER_NUMBER_OBJECT_CONVERSION = YES_AGGRESSIVE;
				CLANG_CXX_LANGUAGE_STANDARD = "gnu++14";
				CLANG_CXX_LIBRARY = "libc++";
				CLANG_ENABLE_MODULES = YES;
				CLANG_ENABLE_OBJC_ARC = YES;
				CLANG_ENABLE_OBJC_WEAK = YES;
				CLANG_WARN_BLOCK_CAPTURE_AUTORELEASING = YES;
				CLANG_WARN_BOOL_CONVERSION = YES;
				CLANG_WARN_COMMA = YES;
				CLANG_WARN_CONSTANT_CONVERSION = YES;
				CLANG_WARN_DEPRECATED_OBJC_IMPLEMENTATIONS = YES;
				CLANG_WARN_DIRECT_OBJC_ISA_USAGE = YES_ERROR;
				CLANG_WARN_DOCUMENTATION_COMMENTS = YES;
				CLANG_WARN_EMPTY_BODY = YES;
				CLANG_WARN_ENUM_CONVERSION = YES;
				CLANG_WARN_INFINITE_RECURSION = YES;
				CLANG_WARN_INT_CONVERSION = YES;
				CLANG_WARN_NON_LITERAL_NULL_CONVERSION = YES;
				CLANG_WARN_OBJC_IMPLICIT_RETAIN_SELF = YES;
				CLANG_WARN_OBJC_LITERAL_CONVERSION = YES;
				CLANG_WARN_OBJC_ROOT_CLASS = YES_ERROR;
				CLANG_WARN_RANGE_LOOP_ANALYSIS = YES;
				CLANG_WARN_STRICT_PROTOTYPES = YES;
				CLANG_WARN_SUSPICIOUS_MOVE = YES;
				CLANG_WARN_UNGUARDED_AVAILABILITY = YES_AGGRESSIVE;
				CLANG_WARN_UNREACHABLE_CODE = YES;
				CLANG_WARN__DUPLICATE_METHOD_MATCH = YES;
				CODE_SIGN_IDENTITY = "iPhone Developer";
				COPY_PHASE_STRIP = NO;
				CURRENT_PROJECT_VERSION = 1;
				DEBUG_INFORMATION_FORMAT = "dwarf-with-dsym";
				ENABLE_NS_ASSERTIONS = NO;
				ENABLE_STRICT_OBJC_MSGSEND = YES;
				GCC_C_LANGUAGE_STANDARD = gnu11;
				GCC_NO_COMMON_BLOCKS = YES;
				GCC_WARN_64_TO_32_BIT_CONVERSION = YES;
				GCC_WARN_ABOUT_RETURN_TYPE = YES_ERROR;
				GCC_WARN_UNDECLARED_SELECTOR = YES;
				GCC_WARN_UNINITIALIZED_AUTOS = YES_AGGRESSIVE;
				GCC_WARN_UNUSED_FUNCTION = YES;
				GCC_WARN_UNUSED_VARIABLE = YES;
				IPHONEOS_DEPLOYMENT_TARGET = 12.2;
				MTL_ENABLE_DEBUG_INFO = NO;
				MTL_FAST_MATH = YES;
				SDKROOT = iphoneos;
				SWIFT_COMPILATION_MODE = wholemodule;
				SWIFT_OPTIMIZATION_LEVEL = "-O";
				VALIDATE_PRODUCT = YES;
				VERSIONING_SYSTEM = "apple-generic";
				VERSION_INFO_PREFIX = "";
			};
			name = Release;
		};
		819E679F226B2AB10021BBA8 /* Debug */ = {
			isa = XCBuildConfiguration;
			baseConfigurationReference = 4D8CC2A5ADF153A216BAB538 /* Pods-OllysLibrary.debug.xcconfig */;
			buildSettings = {
				CLANG_ENABLE_MODULES = YES;
				CODE_SIGN_IDENTITY = "";
				CODE_SIGN_STYLE = Automatic;
				DEFINES_MODULE = YES;
				DEVELOPMENT_TEAM = Z683BMN45B;
				DYLIB_COMPATIBILITY_VERSION = 1;
				DYLIB_CURRENT_VERSION = 1;
				DYLIB_INSTALL_NAME_BASE = "@rpath";
				INFOPLIST_FILE = "$(SRCROOT)/Info.plist";
				INSTALL_PATH = "$(LOCAL_LIBRARY_DIR)/Frameworks";
				IPHONEOS_DEPLOYMENT_TARGET = 10.0;
				LD_RUNPATH_SEARCH_PATHS = (
					"$(inherited)",
					"@executable_path/Frameworks",
					"@loader_path/Frameworks",
				);
				PRODUCT_BUNDLE_IDENTIFIER = Aulendil.OllysLibrary;
				PRODUCT_NAME = "$(TARGET_NAME:c99extidentifier)";
				SKIP_INSTALL = YES;
				SWIFT_OPTIMIZATION_LEVEL = "-Onone";
				SWIFT_VERSION = 5.0;
				TARGETED_DEVICE_FAMILY = "1,2";
			};
			name = Debug;
		};
		819E67A0226B2AB10021BBA8 /* Release */ = {
			isa = XCBuildConfiguration;
			baseConfigurationReference = B5ABC9350EE03EF2B9C68EA4 /* Pods-OllysLibrary.release.xcconfig */;
			buildSettings = {
				CLANG_ENABLE_MODULES = YES;
				CODE_SIGN_IDENTITY = "";
				CODE_SIGN_STYLE = Automatic;
				DEFINES_MODULE = YES;
				DEVELOPMENT_TEAM = Z683BMN45B;
				DYLIB_COMPATIBILITY_VERSION = 1;
				DYLIB_CURRENT_VERSION = 1;
				DYLIB_INSTALL_NAME_BASE = "@rpath";
				INFOPLIST_FILE = "$(SRCROOT)/Info.plist";
				INSTALL_PATH = "$(LOCAL_LIBRARY_DIR)/Frameworks";
				IPHONEOS_DEPLOYMENT_TARGET = 10.0;
				LD_RUNPATH_SEARCH_PATHS = (
					"$(inherited)",
					"@executable_path/Frameworks",
					"@loader_path/Frameworks",
				);
				PRODUCT_BUNDLE_IDENTIFIER = Aulendil.OllysLibrary;
				PRODUCT_NAME = "$(TARGET_NAME:c99extidentifier)";
				SKIP_INSTALL = YES;
				SWIFT_VERSION = 5.0;
				TARGETED_DEVICE_FAMILY = "1,2";
			};
			name = Release;
		};
/* End XCBuildConfiguration section */

/* Begin XCConfigurationList section */
		819E6790226B2AB10021BBA8 /* Build configuration list for PBXProject "OllysLibrary" */ = {
			isa = XCConfigurationList;
			buildConfigurations = (
				819E679C226B2AB10021BBA8 /* Debug */,
				819E679D226B2AB10021BBA8 /* Release */,
			);
			defaultConfigurationIsVisible = 0;
			defaultConfigurationName = Release;
		};
		819E679E226B2AB10021BBA8 /* Build configuration list for PBXNativeTarget "OllysLibrary" */ = {
			isa = XCConfigurationList;
			buildConfigurations = (
				819E679F226B2AB10021BBA8 /* Debug */,
				819E67A0226B2AB10021BBA8 /* Release */,
			);
			defaultConfigurationIsVisible = 0;
			defaultConfigurationName = Release;
		};
/* End XCConfigurationList section */
	};
	rootObject = 819E678D226B2AB10021BBA8 /* Project object */;
}
