// !$*UTF8*$!
{
	archiveVersion = 1;
	classes = {
	};
	objectVersion = 50;
	objects = {

/* Begin PBXBuildFile section */
		6BC5CC1993C63369A7B68C78 /* Pods_OllysProject.framework in Frameworks */ = {isa = PBXBuildFile; fileRef = 6FED26A07F1C7A857897D524 /* Pods_OllysProject.framework */; };
		81E09C3622569CA200CE21EB /* AppDelegate.swift in Sources */ = {isa = PBXBuildFile; fileRef = 81E09C3522569CA200CE21EB /* AppDelegate.swift */; };
		81E09C3822569CA200CE21EB /* InitialViewCtrl.swift in Sources */ = {isa = PBXBuildFile; fileRef = 81E09C3722569CA200CE21EB /* InitialViewCtrl.swift */; };
		81E09C3B22569CA200CE21EB /* Main.storyboard in Resources */ = {isa = PBXBuildFile; fileRef = 81E09C3922569CA200CE21EB /* Main.storyboard */; };
		81E09C3D22569CA300CE21EB /* Assets.xcassets in Resources */ = {isa = PBXBuildFile; fileRef = 81E09C3C22569CA300CE21EB /* Assets.xcassets */; };
		81E09C4022569CA300CE21EB /* LaunchScreen.storyboard in Resources */ = {isa = PBXBuildFile; fileRef = 81E09C3E22569CA300CE21EB /* LaunchScreen.storyboard */; };
		81E09C4B2256AE2B00CE21EB /* InitialView.xib in Resources */ = {isa = PBXBuildFile; fileRef = 81E09C4A2256AE2B00CE21EB /* InitialView.xib */; };
		81E09C4D2256B1C000CE21EB /* DevicesScanner.swift in Sources */ = {isa = PBXBuildFile; fileRef = 81E09C4C2256B1C000CE21EB /* DevicesScanner.swift */; };
		81E09C4F2256B5CC00CE21EB /* Log.swift in Sources */ = {isa = PBXBuildFile; fileRef = 81E09C4E2256B5CC00CE21EB /* Log.swift */; };
		81E09C512256CC0700CE21EB /* MetaWear+.swift in Sources */ = {isa = PBXBuildFile; fileRef = 81E09C502256CC0700CE21EB /* MetaWear+.swift */; };
		81E09C532256CC3000CE21EB /* DeviceCard.swift in Sources */ = {isa = PBXBuildFile; fileRef = 81E09C522256CC3000CE21EB /* DeviceCard.swift */; };
		81E09C562256D40300CE21EB /* Typealiases.swift in Sources */ = {isa = PBXBuildFile; fileRef = 81E09C552256D40300CE21EB /* Typealiases.swift */; };
		81E09C582256DBF200CE21EB /* UIView+.swift in Sources */ = {isa = PBXBuildFile; fileRef = 81E09C572256DBF200CE21EB /* UIView+.swift */; };
/* End PBXBuildFile section */

/* Begin PBXFileReference section */
		6FED26A07F1C7A857897D524 /* Pods_OllysProject.framework */ = {isa = PBXFileReference; explicitFileType = wrapper.framework; includeInIndex = 0; path = Pods_OllysProject.framework; sourceTree = BUILT_PRODUCTS_DIR; };
		81E09C3222569CA200CE21EB /* OllysProject.app */ = {isa = PBXFileReference; explicitFileType = wrapper.application; includeInIndex = 0; path = OllysProject.app; sourceTree = BUILT_PRODUCTS_DIR; };
		81E09C3522569CA200CE21EB /* AppDelegate.swift */ = {isa = PBXFileReference; lastKnownFileType = sourcecode.swift; path = AppDelegate.swift; sourceTree = "<group>"; };
		81E09C3722569CA200CE21EB /* InitialViewCtrl.swift */ = {isa = PBXFileReference; lastKnownFileType = sourcecode.swift; path = InitialViewCtrl.swift; sourceTree = "<group>"; };
		81E09C3A22569CA200CE21EB /* Base */ = {isa = PBXFileReference; lastKnownFileType = file.storyboard; name = Base; path = Base.lproj/Main.storyboard; sourceTree = "<group>"; };
		81E09C3C22569CA300CE21EB /* Assets.xcassets */ = {isa = PBXFileReference; lastKnownFileType = folder.assetcatalog; path = Assets.xcassets; sourceTree = "<group>"; };
		81E09C3F22569CA300CE21EB /* Base */ = {isa = PBXFileReference; lastKnownFileType = file.storyboard; name = Base; path = Base.lproj/LaunchScreen.storyboard; sourceTree = "<group>"; };
		81E09C4122569CA300CE21EB /* Info.plist */ = {isa = PBXFileReference; lastKnownFileType = text.plist.xml; path = Info.plist; sourceTree = "<group>"; };
		81E09C4A2256AE2B00CE21EB /* InitialView.xib */ = {isa = PBXFileReference; lastKnownFileType = file.xib; path = InitialView.xib; sourceTree = "<group>"; };
		81E09C4C2256B1C000CE21EB /* DevicesScanner.swift */ = {isa = PBXFileReference; lastKnownFileType = sourcecode.swift; path = DevicesScanner.swift; sourceTree = "<group>"; };
		81E09C4E2256B5CC00CE21EB /* Log.swift */ = {isa = PBXFileReference; lastKnownFileType = sourcecode.swift; path = Log.swift; sourceTree = "<group>"; };
		81E09C502256CC0700CE21EB /* MetaWear+.swift */ = {isa = PBXFileReference; lastKnownFileType = sourcecode.swift; path = "MetaWear+.swift"; sourceTree = "<group>"; };
		81E09C522256CC3000CE21EB /* DeviceCard.swift */ = {isa = PBXFileReference; lastKnownFileType = sourcecode.swift; path = DeviceCard.swift; sourceTree = "<group>"; };
		81E09C552256D40300CE21EB /* Typealiases.swift */ = {isa = PBXFileReference; fileEncoding = 4; lastKnownFileType = sourcecode.swift; path = Typealiases.swift; sourceTree = "<group>"; };
		81E09C572256DBF200CE21EB /* UIView+.swift */ = {isa = PBXFileReference; fileEncoding = 4; lastKnownFileType = sourcecode.swift; path = "UIView+.swift"; sourceTree = "<group>"; };
		89FFC2ABBB881D0E48E7E92A /* Pods-OllysProject.release.xcconfig */ = {isa = PBXFileReference; includeInIndex = 1; lastKnownFileType = text.xcconfig; name = "Pods-OllysProject.release.xcconfig"; path = "Pods/Target Support Files/Pods-OllysProject/Pods-OllysProject.release.xcconfig"; sourceTree = "<group>"; };
		EE8BBB570C2BD6F902C7E9F0 /* Pods-OllysProject.debug.xcconfig */ = {isa = PBXFileReference; includeInIndex = 1; lastKnownFileType = text.xcconfig; name = "Pods-OllysProject.debug.xcconfig"; path = "Pods/Target Support Files/Pods-OllysProject/Pods-OllysProject.debug.xcconfig"; sourceTree = "<group>"; };
/* End PBXFileReference section */

/* Begin PBXFrameworksBuildPhase section */
		81E09C2F22569CA200CE21EB /* Frameworks */ = {
			isa = PBXFrameworksBuildPhase;
			buildActionMask = 2147483647;
			files = (
				6BC5CC1993C63369A7B68C78 /* Pods_OllysProject.framework in Frameworks */,
			);
			runOnlyForDeploymentPostprocessing = 0;
		};
/* End PBXFrameworksBuildPhase section */

/* Begin PBXGroup section */
		637BFB7D9B898C6935553CA1 /* Pods */ = {
			isa = PBXGroup;
			children = (
				EE8BBB570C2BD6F902C7E9F0 /* Pods-OllysProject.debug.xcconfig */,
				89FFC2ABBB881D0E48E7E92A /* Pods-OllysProject.release.xcconfig */,
			);
			name = Pods;
			sourceTree = "<group>";
		};
		81E09C2922569CA200CE21EB = {
			isa = PBXGroup;
			children = (
				81E09C542256D3AF00CE21EB /* SwiftSugar */,
				81E09C3422569CA200CE21EB /* OllysProject */,
				81E09C3322569CA200CE21EB /* Products */,
				637BFB7D9B898C6935553CA1 /* Pods */,
				FE8AF19B2AE2F577F7AEA8CD /* Frameworks */,
			);
			sourceTree = "<group>";
		};
		81E09C3322569CA200CE21EB /* Products */ = {
			isa = PBXGroup;
			children = (
				81E09C3222569CA200CE21EB /* OllysProject.app */,
			);
			name = Products;
			sourceTree = "<group>";
		};
		81E09C3422569CA200CE21EB /* OllysProject */ = {
			isa = PBXGroup;
			children = (
				81E09C3522569CA200CE21EB /* AppDelegate.swift */,
				81E09C3722569CA200CE21EB /* InitialViewCtrl.swift */,
				81E09C4A2256AE2B00CE21EB /* InitialView.xib */,
				81E09C3922569CA200CE21EB /* Main.storyboard */,
				81E09C3C22569CA300CE21EB /* Assets.xcassets */,
				81E09C3E22569CA300CE21EB /* LaunchScreen.storyboard */,
				81E09C4122569CA300CE21EB /* Info.plist */,
				81E09C4C2256B1C000CE21EB /* DevicesScanner.swift */,
				81E09C4E2256B5CC00CE21EB /* Log.swift */,
				81E09C502256CC0700CE21EB /* MetaWear+.swift */,
				81E09C522256CC3000CE21EB /* DeviceCard.swift */,
			);
			path = OllysProject;
			sourceTree = "<group>";
		};
		81E09C542256D3AF00CE21EB /* SwiftSugar */ = {
			isa = PBXGroup;
			children = (
				81E09C572256DBF200CE21EB /* UIView+.swift */,
				81E09C552256D40300CE21EB /* Typealiases.swift */,
			);
			path = SwiftSugar;
			sourceTree = "<group>";
		};
		FE8AF19B2AE2F577F7AEA8CD /* Frameworks */ = {
			isa = PBXGroup;
			children = (
				6FED26A07F1C7A857897D524 /* Pods_OllysProject.framework */,
			);
			name = Frameworks;
			sourceTree = "<group>";
		};
/* End PBXGroup section */

/* Begin PBXNativeTarget section */
		81E09C3122569CA200CE21EB /* OllysProject */ = {
			isa = PBXNativeTarget;
			buildConfigurationList = 81E09C4422569CA300CE21EB /* Build configuration list for PBXNativeTarget "OllysProject" */;
			buildPhases = (
				8B9750AAF84671A705E16319 /* [CP] Check Pods Manifest.lock */,
				81E09C2E22569CA200CE21EB /* Sources */,
				81E09C2F22569CA200CE21EB /* Frameworks */,
				81E09C3022569CA200CE21EB /* Resources */,
				E6A488D3F9A04CD9B354EB2F /* [CP] Embed Pods Frameworks */,
			);
			buildRules = (
			);
			dependencies = (
			);
			name = OllysProject;
			productName = OllysProject;
			productReference = 81E09C3222569CA200CE21EB /* OllysProject.app */;
			productType = "com.apple.product-type.application";
		};
/* End PBXNativeTarget section */

/* Begin PBXProject section */
		81E09C2A22569CA200CE21EB /* Project object */ = {
			isa = PBXProject;
			attributes = {
				LastSwiftUpdateCheck = 1020;
				LastUpgradeCheck = 1020;
				ORGANIZATIONNAME = Aulendil;
				TargetAttributes = {
					81E09C3122569CA200CE21EB = {
						CreatedOnToolsVersion = 10.2;
					};
				};
			};
			buildConfigurationList = 81E09C2D22569CA200CE21EB /* Build configuration list for PBXProject "OllysProject" */;
			compatibilityVersion = "Xcode 9.3";
			developmentRegion = en;
			hasScannedForEncodings = 0;
			knownRegions = (
				en,
				Base,
			);
			mainGroup = 81E09C2922569CA200CE21EB;
			productRefGroup = 81E09C3322569CA200CE21EB /* Products */;
			projectDirPath = "";
			projectRoot = "";
			targets = (
				81E09C3122569CA200CE21EB /* OllysProject */,
			);
		};
/* End PBXProject section */

/* Begin PBXResourcesBuildPhase section */
		81E09C3022569CA200CE21EB /* Resources */ = {
			isa = PBXResourcesBuildPhase;
			buildActionMask = 2147483647;
			files = (
				81E09C4022569CA300CE21EB /* LaunchScreen.storyboard in Resources */,
				81E09C4B2256AE2B00CE21EB /* InitialView.xib in Resources */,
				81E09C3D22569CA300CE21EB /* Assets.xcassets in Resources */,
				81E09C3B22569CA200CE21EB /* Main.storyboard in Resources */,
			);
			runOnlyForDeploymentPostprocessing = 0;
		};
/* End PBXResourcesBuildPhase section */

/* Begin PBXShellScriptBuildPhase section */
		8B9750AAF84671A705E16319 /* [CP] Check Pods Manifest.lock */ = {
			isa = PBXShellScriptBuildPhase;
			buildActionMask = 2147483647;
			files = (
			);
			inputPaths = (
				"${PODS_PODFILE_DIR_PATH}/Podfile.lock",
				"${PODS_ROOT}/Manifest.lock",
			);
			name = "[CP] Check Pods Manifest.lock";
			outputPaths = (
				"$(DERIVED_FILE_DIR)/Pods-OllysProject-checkManifestLockResult.txt",
			);
			runOnlyForDeploymentPostprocessing = 0;
			shellPath = /bin/sh;
			shellScript = "diff \"${PODS_PODFILE_DIR_PATH}/Podfile.lock\" \"${PODS_ROOT}/Manifest.lock\" > /dev/null\nif [ $? != 0 ] ; then\n    # print error to STDERR\n    echo \"error: The sandbox is not in sync with the Podfile.lock. Run 'pod install' or update your CocoaPods installation.\" >&2\n    exit 1\nfi\n# This output is used by Xcode 'outputs' to avoid re-running this script phase.\necho \"SUCCESS\" > \"${SCRIPT_OUTPUT_FILE_0}\"\n";
			showEnvVarsInLog = 0;
		};
		E6A488D3F9A04CD9B354EB2F /* [CP] Embed Pods Frameworks */ = {
			isa = PBXShellScriptBuildPhase;
			buildActionMask = 2147483647;
			files = (
			);
			inputPaths = (
				"${SRCROOT}/Pods/Target Support Files/Pods-OllysProject/Pods-OllysProject-frameworks.sh",
				"${BUILT_PRODUCTS_DIR}/Bolts-Swift/BoltsSwift.framework",
				"${BUILT_PRODUCTS_DIR}/MetaWear/MetaWear.framework",
			);
			name = "[CP] Embed Pods Frameworks";
			outputPaths = (
				"${TARGET_BUILD_DIR}/${FRAMEWORKS_FOLDER_PATH}/BoltsSwift.framework",
				"${TARGET_BUILD_DIR}/${FRAMEWORKS_FOLDER_PATH}/MetaWear.framework",
			);
			runOnlyForDeploymentPostprocessing = 0;
			shellPath = /bin/sh;
			shellScript = "\"${SRCROOT}/Pods/Target Support Files/Pods-OllysProject/Pods-OllysProject-frameworks.sh\"\n";
			showEnvVarsInLog = 0;
		};
/* End PBXShellScriptBuildPhase section */

/* Begin PBXSourcesBuildPhase section */
		81E09C2E22569CA200CE21EB /* Sources */ = {
			isa = PBXSourcesBuildPhase;
			buildActionMask = 2147483647;
			files = (
				81E09C4D2256B1C000CE21EB /* DevicesScanner.swift in Sources */,
				81E09C532256CC3000CE21EB /* DeviceCard.swift in Sources */,
				81E09C562256D40300CE21EB /* Typealiases.swift in Sources */,
				81E09C512256CC0700CE21EB /* MetaWear+.swift in Sources */,
				81E09C582256DBF200CE21EB /* UIView+.swift in Sources */,
				81E09C3822569CA200CE21EB /* InitialViewCtrl.swift in Sources */,
				81E09C4F2256B5CC00CE21EB /* Log.swift in Sources */,
				81E09C3622569CA200CE21EB /* AppDelegate.swift in Sources */,
			);
			runOnlyForDeploymentPostprocessing = 0;
		};
/* End PBXSourcesBuildPhase section */

/* Begin PBXVariantGroup section */
		81E09C3922569CA200CE21EB /* Main.storyboard */ = {
			isa = PBXVariantGroup;
			children = (
				81E09C3A22569CA200CE21EB /* Base */,
			);
			name = Main.storyboard;
			sourceTree = "<group>";
		};
		81E09C3E22569CA300CE21EB /* LaunchScreen.storyboard */ = {
			isa = PBXVariantGroup;
			children = (
				81E09C3F22569CA300CE21EB /* Base */,
			);
			name = LaunchScreen.storyboard;
			sourceTree = "<group>";
		};
/* End PBXVariantGroup section */

/* Begin XCBuildConfiguration section */
		81E09C4222569CA300CE21EB /* Debug */ = {
			isa = XCBuildConfiguration;
			buildSettings = {
				ALWAYS_SEARCH_USER_PATHS = NO;
				CLANG_ANALYZER_NONNULL = YES;
				CLANG_ANALYZER_NUMBER_OBJECT_CONVERSION = YES_AGGRESSIVE;
				CLANG_CXX_LANGUAGE_STANDARD = "gnu++14";
				CLANG_CXX_LIBRARY = "libc++";
				CLANG_ENABLE_MODULES = YES;
				CLANG_ENABLE_OBJC_ARC = YES;
				CLANG_ENABLE_OBJC_WEAK = YES;
				CLANG_WARN_BLOCK_CAPTURE_AUTORELEASING = YES;
				CLANG_WARN_BOOL_CONVERSION = YES;
				CLANG_WARN_COMMA = YES;
				CLANG_WARN_CONSTANT_CONVERSION = YES;
				CLANG_WARN_DEPRECATED_OBJC_IMPLEMENTATIONS = YES;
				CLANG_WARN_DIRECT_OBJC_ISA_USAGE = YES_ERROR;
				CLANG_WARN_DOCUMENTATION_COMMENTS = YES;
				CLANG_WARN_EMPTY_BODY = YES;
				CLANG_WARN_ENUM_CONVERSION = YES;
				CLANG_WARN_INFINITE_RECURSION = YES;
				CLANG_WARN_INT_CONVERSION = YES;
				CLANG_WARN_NON_LITERAL_NULL_CONVERSION = YES;
				CLANG_WARN_OBJC_IMPLICIT_RETAIN_SELF = YES;
				CLANG_WARN_OBJC_LITERAL_CONVERSION = YES;
				CLANG_WARN_OBJC_ROOT_CLASS = YES_ERROR;
				CLANG_WARN_RANGE_LOOP_ANALYSIS = YES;
				CLANG_WARN_STRICT_PROTOTYPES = YES;
				CLANG_WARN_SUSPICIOUS_MOVE = YES;
				CLANG_WARN_UNGUARDED_AVAILABILITY = YES_AGGRESSIVE;
				CLANG_WARN_UNREACHABLE_CODE = YES;
				CLANG_WARN__DUPLICATE_METHOD_MATCH = YES;
				CODE_SIGN_IDENTITY = "iPhone Developer";
				COPY_PHASE_STRIP = NO;
				DEBUG_INFORMATION_FORMAT = dwarf;
				ENABLE_STRICT_OBJC_MSGSEND = YES;
				ENABLE_TESTABILITY = YES;
				GCC_C_LANGUAGE_STANDARD = gnu11;
				GCC_DYNAMIC_NO_PIC = NO;
				GCC_NO_COMMON_BLOCKS = YES;
				GCC_OPTIMIZATION_LEVEL = 0;
				GCC_PREPROCESSOR_DEFINITIONS = (
					"DEBUG=1",
					"$(inherited)",
				);
				GCC_WARN_64_TO_32_BIT_CONVERSION = YES;
				GCC_WARN_ABOUT_RETURN_TYPE = YES_ERROR;
				GCC_WARN_UNDECLARED_SELECTOR = YES;
				GCC_WARN_UNINITIALIZED_AUTOS = YES_AGGRESSIVE;
				GCC_WARN_UNUSED_FUNCTION = YES;
				GCC_WARN_UNUSED_VARIABLE = YES;
				IPHONEOS_DEPLOYMENT_TARGET = 12.2;
				MTL_ENABLE_DEBUG_INFO = INCLUDE_SOURCE;
				MTL_FAST_MATH = YES;
				ONLY_ACTIVE_ARCH = YES;
				SDKROOT = iphoneos;
				SWIFT_ACTIVE_COMPILATION_CONDITIONS = DEBUG;
				SWIFT_OPTIMIZATION_LEVEL = "-Onone";
			};
			name = Debug;
		};
		81E09C4322569CA300CE21EB /* Release */ = {
			isa = XCBuildConfiguration;
			buildSettings = {
				ALWAYS_SEARCH_USER_PATHS = NO;
				CLANG_ANALYZER_NONNULL = YES;
				CLANG_ANALYZER_NUMBER_OBJECT_CONVERSION = YES_AGGRESSIVE;
				CLANG_CXX_LANGUAGE_STANDARD = "gnu++14";
				CLANG_CXX_LIBRARY = "libc++";
				CLANG_ENABLE_MODULES = YES;
				CLANG_ENABLE_OBJC_ARC = YES;
				CLANG_ENABLE_OBJC_WEAK = YES;
				CLANG_WARN_BLOCK_CAPTURE_AUTORELEASING = YES;
				CLANG_WARN_BOOL_CONVERSION = YES;
				CLANG_WARN_COMMA = YES;
				CLANG_WARN_CONSTANT_CONVERSION = YES;
				CLANG_WARN_DEPRECATED_OBJC_IMPLEMENTATIONS = YES;
				CLANG_WARN_DIRECT_OBJC_ISA_USAGE = YES_ERROR;
				CLANG_WARN_DOCUMENTATION_COMMENTS = YES;
				CLANG_WARN_EMPTY_BODY = YES;
				CLANG_WARN_ENUM_CONVERSION = YES;
				CLANG_WARN_INFINITE_RECURSION = YES;
				CLANG_WARN_INT_CONVERSION = YES;
				CLANG_WARN_NON_LITERAL_NULL_CONVERSION = YES;
				CLANG_WARN_OBJC_IMPLICIT_RETAIN_SELF = YES;
				CLANG_WARN_OBJC_LITERAL_CONVERSION = YES;
				CLANG_WARN_OBJC_ROOT_CLASS = YES_ERROR;
				CLANG_WARN_RANGE_LOOP_ANALYSIS = YES;
				CLANG_WARN_STRICT_PROTOTYPES = YES;
				CLANG_WARN_SUSPICIOUS_MOVE = YES;
				CLANG_WARN_UNGUARDED_AVAILABILITY = YES_AGGRESSIVE;
				CLANG_WARN_UNREACHABLE_CODE = YES;
				CLANG_WARN__DUPLICATE_METHOD_MATCH = YES;
				CODE_SIGN_IDENTITY = "iPhone Developer";
				COPY_PHASE_STRIP = NO;
				DEBUG_INFORMATION_FORMAT = "dwarf-with-dsym";
				ENABLE_NS_ASSERTIONS = NO;
				ENABLE_STRICT_OBJC_MSGSEND = YES;
				GCC_C_LANGUAGE_STANDARD = gnu11;
				GCC_NO_COMMON_BLOCKS = YES;
				GCC_WARN_64_TO_32_BIT_CONVERSION = YES;
				GCC_WARN_ABOUT_RETURN_TYPE = YES_ERROR;
				GCC_WARN_UNDECLARED_SELECTOR = YES;
				GCC_WARN_UNINITIALIZED_AUTOS = YES_AGGRESSIVE;
				GCC_WARN_UNUSED_FUNCTION = YES;
				GCC_WARN_UNUSED_VARIABLE = YES;
				IPHONEOS_DEPLOYMENT_TARGET = 12.2;
				MTL_ENABLE_DEBUG_INFO = NO;
				MTL_FAST_MATH = YES;
				SDKROOT = iphoneos;
				SWIFT_COMPILATION_MODE = wholemodule;
				SWIFT_OPTIMIZATION_LEVEL = "-O";
				VALIDATE_PRODUCT = YES;
			};
			name = Release;
		};
		81E09C4522569CA300CE21EB /* Debug */ = {
			isa = XCBuildConfiguration;
			baseConfigurationReference = EE8BBB570C2BD6F902C7E9F0 /* Pods-OllysProject.debug.xcconfig */;
			buildSettings = {
				ASSETCATALOG_COMPILER_APPICON_NAME = AppIcon;
				CODE_SIGN_STYLE = Automatic;
				DEVELOPMENT_TEAM = Z683BMN45B;
				INFOPLIST_FILE = OllysProject/Info.plist;
				LD_RUNPATH_SEARCH_PATHS = (
					"$(inherited)",
					"@executable_path/Frameworks",
				);
				PRODUCT_BUNDLE_IDENTIFIER = Aulendil.OllysProject;
				PRODUCT_NAME = "$(TARGET_NAME)";
				SWIFT_VERSION = 5.0;
				TARGETED_DEVICE_FAMILY = "1,2";
			};
			name = Debug;
		};
		81E09C4622569CA300CE21EB /* Release */ = {
			isa = XCBuildConfiguration;
			baseConfigurationReference = 89FFC2ABBB881D0E48E7E92A /* Pods-OllysProject.release.xcconfig */;
			buildSettings = {
				ASSETCATALOG_COMPILER_APPICON_NAME = AppIcon;
				CODE_SIGN_STYLE = Automatic;
				DEVELOPMENT_TEAM = Z683BMN45B;
				INFOPLIST_FILE = OllysProject/Info.plist;
				LD_RUNPATH_SEARCH_PATHS = (
					"$(inherited)",
					"@executable_path/Frameworks",
				);
				PRODUCT_BUNDLE_IDENTIFIER = Aulendil.OllysProject;
				PRODUCT_NAME = "$(TARGET_NAME)";
				SWIFT_VERSION = 5.0;
				TARGETED_DEVICE_FAMILY = "1,2";
			};
			name = Release;
		};
/* End XCBuildConfiguration section */

/* Begin XCConfigurationList section */
		81E09C2D22569CA200CE21EB /* Build configuration list for PBXProject "OllysProject" */ = {
			isa = XCConfigurationList;
			buildConfigurations = (
				81E09C4222569CA300CE21EB /* Debug */,
				81E09C4322569CA300CE21EB /* Release */,
			);
			defaultConfigurationIsVisible = 0;
			defaultConfigurationName = Release;
		};
		81E09C4422569CA300CE21EB /* Build configuration list for PBXNativeTarget "OllysProject" */ = {
			isa = XCConfigurationList;
			buildConfigurations = (
				81E09C4522569CA300CE21EB /* Debug */,
				81E09C4622569CA300CE21EB /* Release */,
			);
			defaultConfigurationIsVisible = 0;
			defaultConfigurationName = Release;
		};
/* End XCConfigurationList section */
	};
	rootObject = 81E09C2A22569CA200CE21EB /* Project object */;
}
