
Microsoft Visual Studio Solution File, Format Version 11.00
# Visual Studio 2010
Project("{FAE04EC0-301F-11D3-BF4B-00C04F79EFBC}") = "MetaWear_Olly_Unity_4 copy", "Assembly-CSharp.csproj", "{8037B66E-F0FD-A271-076F-D34966722DD7}"
EndProject
Project("{FAE04EC0-301F-11D3-BF4B-00C04F79EFBC}") = "MetaWear_Olly_Unity_4 copy", "Assembly-CSharp-firstpass.csproj", "{6BF6CC10-21D5-3BB6-42B0-B226369B8161}"
EndProject
Project("{FAE04EC0-301F-11D3-BF4B-00C04F79EFBC}") = "MetaWear_Olly_Unity_4 copy", "Assembly-CSharp-Editor.csproj", "{8D4E1B2D-81C4-25AA-72D5-5188CEF5C245}"
EndProject
Global
	GlobalSection(SolutionConfigurationPlatforms) = preSolution
		Debug|Any CPU = Debug|Any CPU
		Release|Any CPU = Release|Any CPU
	EndGlobalSection
	GlobalSection(ProjectConfigurationPlatforms) = postSolution
		{8037B66E-F0FD-A271-076F-D34966722DD7}.Debug|Any CPU.ActiveCfg = Debug|Any CPU
		{8037B66E-F0FD-A271-076F-D34966722DD7}.Debug|Any CPU.Build.0 = Debug|Any CPU
		{8037B66E-F0FD-A271-076F-D34966722DD7}.Release|Any CPU.ActiveCfg = Release|Any CPU
		{8037B66E-F0FD-A271-076F-D34966722DD7}.Release|Any CPU.Build.0 = Release|Any CPU
		{6BF6CC10-21D5-3BB6-42B0-B226369B8161}.Debug|Any CPU.ActiveCfg = Debug|Any CPU
		{6BF6CC10-21D5-3BB6-42B0-B226369B8161}.Debug|Any CPU.Build.0 = Debug|Any CPU
		{6BF6CC10-21D5-3BB6-42B0-B226369B8161}.Release|Any CPU.ActiveCfg = Release|Any CPU
		{6BF6CC10-21D5-3BB6-42B0-B226369B8161}.Release|Any CPU.Build.0 = Release|Any CPU
		{8D4E1B2D-81C4-25AA-72D5-5188CEF5C245}.Debug|Any CPU.ActiveCfg = Debug|Any CPU
		{8D4E1B2D-81C4-25AA-72D5-5188CEF5C245}.Debug|Any CPU.Build.0 = Debug|Any CPU
		{8D4E1B2D-81C4-25AA-72D5-5188CEF5C245}.Release|Any CPU.ActiveCfg = Release|Any CPU
		{8D4E1B2D-81C4-25AA-72D5-5188CEF5C245}.Release|Any CPU.Build.0 = Release|Any CPU
	EndGlobalSection
	GlobalSection(SolutionProperties) = preSolution
		HideSolutionNode = FALSE
	EndGlobalSection
	GlobalSection(MonoDevelopProperties) = preSolution
		StartupItem = Assembly-CSharp.csproj
	EndGlobalSection
EndGlobal
