
Microsoft Visual Studio Solution File, Format Version 11.00
# Visual Studio 2010
Project("{FAE04EC0-301F-11D3-BF4B-00C04F79EFBC}") = "MetaWear_Olly_Unity_5 copy", "Assembly-CSharp.csproj", "{B1914865-36C7-983B-353E-6C88F4145751}"
EndProject
Project("{FAE04EC0-301F-11D3-BF4B-00C04F79EFBC}") = "MetaWear_Olly_Unity_5 copy", "Assembly-CSharp-firstpass.csproj", "{5472577A-1CBA-F023-0E36-361FE9EC781F}"
EndProject
Project("{FAE04EC0-301F-11D3-BF4B-00C04F79EFBC}") = "MetaWear_Olly_Unity_5 copy", "Assembly-CSharp-Editor.csproj", "{40FFCC87-116D-4861-DEE7-BDAFBA3BD08F}"
EndProject
Global
	GlobalSection(SolutionConfigurationPlatforms) = preSolution
		Debug|Any CPU = Debug|Any CPU
		Release|Any CPU = Release|Any CPU
	EndGlobalSection
	GlobalSection(ProjectConfigurationPlatforms) = postSolution
		{B1914865-36C7-983B-353E-6C88F4145751}.Debug|Any CPU.ActiveCfg = Debug|Any CPU
		{B1914865-36C7-983B-353E-6C88F4145751}.Debug|Any CPU.Build.0 = Debug|Any CPU
		{B1914865-36C7-983B-353E-6C88F4145751}.Release|Any CPU.ActiveCfg = Release|Any CPU
		{B1914865-36C7-983B-353E-6C88F4145751}.Release|Any CPU.Build.0 = Release|Any CPU
		{5472577A-1CBA-F023-0E36-361FE9EC781F}.Debug|Any CPU.ActiveCfg = Debug|Any CPU
		{5472577A-1CBA-F023-0E36-361FE9EC781F}.Debug|Any CPU.Build.0 = Debug|Any CPU
		{5472577A-1CBA-F023-0E36-361FE9EC781F}.Release|Any CPU.ActiveCfg = Release|Any CPU
		{5472577A-1CBA-F023-0E36-361FE9EC781F}.Release|Any CPU.Build.0 = Release|Any CPU
		{40FFCC87-116D-4861-DEE7-BDAFBA3BD08F}.Debug|Any CPU.ActiveCfg = Debug|Any CPU
		{40FFCC87-116D-4861-DEE7-BDAFBA3BD08F}.Debug|Any CPU.Build.0 = Debug|Any CPU
		{40FFCC87-116D-4861-DEE7-BDAFBA3BD08F}.Release|Any CPU.ActiveCfg = Release|Any CPU
		{40FFCC87-116D-4861-DEE7-BDAFBA3BD08F}.Release|Any CPU.Build.0 = Release|Any CPU
	EndGlobalSection
	GlobalSection(SolutionProperties) = preSolution
		HideSolutionNode = FALSE
	EndGlobalSection
	GlobalSection(MonoDevelopProperties) = preSolution
		StartupItem = Assembly-CSharp.csproj
	EndGlobalSection
EndGlobal
