
Microsoft Visual Studio Solution File, Format Version 11.00
# Visual Studio 2010
Project("{FAE04EC0-301F-11D3-BF4B-00C04F79EFBC}") = "MetaWear_Olly_Unity", "Assembly-CSharp.csproj", "{F1E954E0-9FE0-7171-186C-EFA9BF96F8A0}"
EndProject
Project("{FAE04EC0-301F-11D3-BF4B-00C04F79EFBC}") = "MetaWear_Olly_Unity", "Assembly-CSharp-firstpass.csproj", "{46EF49CC-23E0-1FBB-F0CC-DD05BB9D9A04}"
EndProject
Project("{FAE04EC0-301F-11D3-BF4B-00C04F79EFBC}") = "MetaWear_Olly_Unity", "Assembly-CSharp-Editor.csproj", "{CCD4E9CC-61CB-C58D-879A-F3A9FFFC8651}"
EndProject
Global
	GlobalSection(SolutionConfigurationPlatforms) = preSolution
		Debug|Any CPU = Debug|Any CPU
		Release|Any CPU = Release|Any CPU
	EndGlobalSection
	GlobalSection(ProjectConfigurationPlatforms) = postSolution
		{F1E954E0-9FE0-7171-186C-EFA9BF96F8A0}.Debug|Any CPU.ActiveCfg = Debug|Any CPU
		{F1E954E0-9FE0-7171-186C-EFA9BF96F8A0}.Debug|Any CPU.Build.0 = Debug|Any CPU
		{F1E954E0-9FE0-7171-186C-EFA9BF96F8A0}.Release|Any CPU.ActiveCfg = Release|Any CPU
		{F1E954E0-9FE0-7171-186C-EFA9BF96F8A0}.Release|Any CPU.Build.0 = Release|Any CPU
		{46EF49CC-23E0-1FBB-F0CC-DD05BB9D9A04}.Debug|Any CPU.ActiveCfg = Debug|Any CPU
		{46EF49CC-23E0-1FBB-F0CC-DD05BB9D9A04}.Debug|Any CPU.Build.0 = Debug|Any CPU
		{46EF49CC-23E0-1FBB-F0CC-DD05BB9D9A04}.Release|Any CPU.ActiveCfg = Release|Any CPU
		{46EF49CC-23E0-1FBB-F0CC-DD05BB9D9A04}.Release|Any CPU.Build.0 = Release|Any CPU
		{CCD4E9CC-61CB-C58D-879A-F3A9FFFC8651}.Debug|Any CPU.ActiveCfg = Debug|Any CPU
		{CCD4E9CC-61CB-C58D-879A-F3A9FFFC8651}.Debug|Any CPU.Build.0 = Debug|Any CPU
		{CCD4E9CC-61CB-C58D-879A-F3A9FFFC8651}.Release|Any CPU.ActiveCfg = Release|Any CPU
		{CCD4E9CC-61CB-C58D-879A-F3A9FFFC8651}.Release|Any CPU.Build.0 = Release|Any CPU
	EndGlobalSection
	GlobalSection(SolutionProperties) = preSolution
		HideSolutionNode = FALSE
	EndGlobalSection
	GlobalSection(MonoDevelopProperties) = preSolution
		StartupItem = Assembly-CSharp.csproj
	EndGlobalSection
EndGlobal
