// !$*UTF8*$!
{
	archiveVersion = 1;
	classes = {
	};
	objectVersion = 50;
	objects = {

/* Begin PBXBuildFile section */
		8123AED022732C67000DB2C3 /* OllysLibrary.framework in Frameworks */ = {isa = PBXBuildFile; fileRef = 8123AECF22732C67000DB2C3 /* OllysLibrary.framework */; };
		8123AEDF22732C8F000DB2C3 /* Assets.xcassets in Resources */ = {isa = PBXBuildFile; fileRef = 8123AED222732C8F000DB2C3 /* Assets.xcassets */; };
		8123AEE022732C8F000DB2C3 /* HomeViewCtrl.swift in Sources */ = {isa = PBXBuildFile; fileRef = 8123AED322732C8F000DB2C3 /* HomeViewCtrl.swift */; };
		8123AEE122732C8F000DB2C3 /* NamingViewCtrl.swift in Sources */ = {isa = PBXBuildFile; fileRef = 8123AED422732C8F000DB2C3 /* NamingViewCtrl.swift */; };
		8123AEE222732C8F000DB2C3 /* SetUpDeviceView.xib in Resources */ = {isa = PBXBuildFile; fileRef = 8123AED522732C8F000DB2C3 /* SetUpDeviceView.xib */; };
		8123AEE322732C8F000DB2C3 /* AvailableDevicesView.xib in Resources */ = {isa = PBXBuildFile; fileRef = 8123AED622732C8F000DB2C3 /* AvailableDevicesView.xib */; };
		8123AEE422732C8F000DB2C3 /* AvailableDeviceCell.xib in Resources */ = {isa = PBXBuildFile; fileRef = 8123AED722732C8F000DB2C3 /* AvailableDeviceCell.xib */; };
		8123AEE522732C8F000DB2C3 /* CircleView.swift in Sources */ = {isa = PBXBuildFile; fileRef = 8123AED822732C8F000DB2C3 /* CircleView.swift */; };
		8123AEE622732C8F000DB2C3 /* SetUpDeviceViewCtrl.swift in Sources */ = {isa = PBXBuildFile; fileRef = 8123AED922732C8F000DB2C3 /* SetUpDeviceViewCtrl.swift */; };
		8123AEE722732C8F000DB2C3 /* ToggleView.swift in Sources */ = {isa = PBXBuildFile; fileRef = 8123AEDA22732C8F000DB2C3 /* ToggleView.swift */; };
		8123AEE822732C8F000DB2C3 /* AvailableDevicesViewCtrl.swift in Sources */ = {isa = PBXBuildFile; fileRef = 8123AEDB22732C8F000DB2C3 /* AvailableDevicesViewCtrl.swift */; };
		8123AEE922732C8F000DB2C3 /* NamingView.xib in Resources */ = {isa = PBXBuildFile; fileRef = 8123AEDC22732C8F000DB2C3 /* NamingView.xib */; };
		8123AEEA22732C8F000DB2C3 /* HomeView.xib in Resources */ = {isa = PBXBuildFile; fileRef = 8123AEDD22732C8F000DB2C3 /* HomeView.xib */; };
		8123AEEB22732C8F000DB2C3 /* AvailableDeviceCell.swift in Sources */ = {isa = PBXBuildFile; fileRef = 8123AEDE22732C8F000DB2C3 /* AvailableDeviceCell.swift */; };
		8123AEEE22732CB6000DB2C3 /* Info.plist in Resources */ = {isa = PBXBuildFile; fileRef = 8123AEEC22732CB6000DB2C3 /* Info.plist */; };
		8123AEEF22732CB6000DB2C3 /* AppDelegate.swift in Sources */ = {isa = PBXBuildFile; fileRef = 8123AEED22732CB6000DB2C3 /* AppDelegate.swift */; };
		8123AEF422732CC8000DB2C3 /* Main.storyboard in Resources */ = {isa = PBXBuildFile; fileRef = 8123AEF022732CC7000DB2C3 /* Main.storyboard */; };
		8123AEF522732CC8000DB2C3 /* LaunchScreen.storyboard in Resources */ = {isa = PBXBuildFile; fileRef = 8123AEF222732CC7000DB2C3 /* LaunchScreen.storyboard */; };
/* End PBXBuildFile section */

/* Begin PBXCopyFilesBuildPhase section */
		81708891226B8AD300DDA658 /* Embed Frameworks */ = {
			isa = PBXCopyFilesBuildPhase;
			buildActionMask = 2147483647;
			dstPath = "";
			dstSubfolderSpec = 10;
			files = (
			);
			name = "Embed Frameworks";
			runOnlyForDeploymentPostprocessing = 0;
		};
/* End PBXCopyFilesBuildPhase section */

/* Begin PBXFileReference section */
		8123AECF22732C67000DB2C3 /* OllysLibrary.framework */ = {isa = PBXFileReference; lastKnownFileType = wrapper.framework; path = OllysLibrary.framework; sourceTree = SOURCE_ROOT; };
		8123AED222732C8F000DB2C3 /* Assets.xcassets */ = {isa = PBXFileReference; lastKnownFileType = folder.assetcatalog; name = Assets.xcassets; path = UI/Assets.xcassets; sourceTree = SOURCE_ROOT; };
		8123AED322732C8F000DB2C3 /* HomeViewCtrl.swift */ = {isa = PBXFileReference; fileEncoding = 4; lastKnownFileType = sourcecode.swift; name = HomeViewCtrl.swift; path = UI/HomeViewCtrl.swift; sourceTree = SOURCE_ROOT; };
		8123AED422732C8F000DB2C3 /* NamingViewCtrl.swift */ = {isa = PBXFileReference; fileEncoding = 4; lastKnownFileType = sourcecode.swift; name = NamingViewCtrl.swift; path = UI/NamingViewCtrl.swift; sourceTree = SOURCE_ROOT; };
		8123AED522732C8F000DB2C3 /* SetUpDeviceView.xib */ = {isa = PBXFileReference; fileEncoding = 4; lastKnownFileType = file.xib; name = SetUpDeviceView.xib; path = UI/SetUpDeviceView.xib; sourceTree = SOURCE_ROOT; };
		8123AED622732C8F000DB2C3 /* AvailableDevicesView.xib */ = {isa = PBXFileReference; fileEncoding = 4; lastKnownFileType = file.xib; name = AvailableDevicesView.xib; path = UI/AvailableDevicesView.xib; sourceTree = SOURCE_ROOT; };
		8123AED722732C8F000DB2C3 /* AvailableDeviceCell.xib */ = {isa = PBXFileReference; fileEncoding = 4; lastKnownFileType = file.xib; name = AvailableDeviceCell.xib; path = UI/AvailableDeviceCell.xib; sourceTree = SOURCE_ROOT; };
		8123AED822732C8F000DB2C3 /* CircleView.swift */ = {isa = PBXFileReference; fileEncoding = 4; lastKnownFileType = sourcecode.swift; name = CircleView.swift; path = UI/CircleView.swift; sourceTree = SOURCE_ROOT; };
		8123AED922732C8F000DB2C3 /* SetUpDeviceViewCtrl.swift */ = {isa = PBXFileReference; fileEncoding = 4; lastKnownFileType = sourcecode.swift; name = SetUpDeviceViewCtrl.swift; path = UI/SetUpDeviceViewCtrl.swift; sourceTree = SOURCE_ROOT; };
		8123AEDA22732C8F000DB2C3 /* ToggleView.swift */ = {isa = PBXFileReference; fileEncoding = 4; lastKnownFileType = sourcecode.swift; name = ToggleView.swift; path = UI/ToggleView.swift; sourceTree = SOURCE_ROOT; };
		8123AEDB22732C8F000DB2C3 /* AvailableDevicesViewCtrl.swift */ = {isa = PBXFileReference; fileEncoding = 4; lastKnownFileType = sourcecode.swift; name = AvailableDevicesViewCtrl.swift; path = UI/AvailableDevicesViewCtrl.swift; sourceTree = SOURCE_ROOT; };
		8123AEDC22732C8F000DB2C3 /* NamingView.xib */ = {isa = PBXFileReference; fileEncoding = 4; lastKnownFileType = file.xib; name = NamingView.xib; path = UI/NamingView.xib; sourceTree = SOURCE_ROOT; };
		8123AEDD22732C8F000DB2C3 /* HomeView.xib */ = {isa = PBXFileReference; fileEncoding = 4; lastKnownFileType = file.xib; name = HomeView.xib; path = UI/HomeView.xib; sourceTree = SOURCE_ROOT; };
		8123AEDE22732C8F000DB2C3 /* AvailableDeviceCell.swift */ = {isa = PBXFileReference; fileEncoding = 4; lastKnownFileType = sourcecode.swift; name = AvailableDeviceCell.swift; path = UI/AvailableDeviceCell.swift; sourceTree = SOURCE_ROOT; };
		8123AEEC22732CB6000DB2C3 /* Info.plist */ = {isa = PBXFileReference; fileEncoding = 4; lastKnownFileType = text.plist.xml; path = Info.plist; sourceTree = SOURCE_ROOT; };
		8123AEED22732CB6000DB2C3 /* AppDelegate.swift */ = {isa = PBXFileReference; fileEncoding = 4; lastKnownFileType = sourcecode.swift; path = AppDelegate.swift; sourceTree = SOURCE_ROOT; };
		8123AEF122732CC7000DB2C3 /* Base */ = {isa = PBXFileReference; lastKnownFileType = file.storyboard; name = Base; path = Base.lproj/Main.storyboard; sourceTree = SOURCE_ROOT; };
		8123AEF322732CC7000DB2C3 /* Base */ = {isa = PBXFileReference; lastKnownFileType = file.storyboard; name = Base; path = Base.lproj/LaunchScreen.storyboard; sourceTree = SOURCE_ROOT; };
		81E09C3222569CA200CE21EB /* OllysProject.app */ = {isa = PBXFileReference; explicitFileType = wrapper.application; includeInIndex = 0; path = OllysProject.app; sourceTree = BUILT_PRODUCTS_DIR; };
/* End PBXFileReference section */

/* Begin PBXFrameworksBuildPhase section */
		81E09C2F22569CA200CE21EB /* Frameworks */ = {
			isa = PBXFrameworksBuildPhase;
			buildActionMask = 2147483647;
			files = (
				8123AED022732C67000DB2C3 /* OllysLibrary.framework in Frameworks */,
			);
			runOnlyForDeploymentPostprocessing = 0;
		};
/* End PBXFrameworksBuildPhase section */

/* Begin PBXGroup section */
		8123AECE22732C43000DB2C3 /* Project */ = {
			isa = PBXGroup;
			children = (
				8123AEF222732CC7000DB2C3 /* LaunchScreen.storyboard */,
				8123AEF022732CC7000DB2C3 /* Main.storyboard */,
				8123AEED22732CB6000DB2C3 /* AppDelegate.swift */,
				8123AEEC22732CB6000DB2C3 /* Info.plist */,
				8123AED122732C78000DB2C3 /* UI */,
				8123AECF22732C67000DB2C3 /* OllysLibrary.framework */,
			);
			path = Project;
			sourceTree = "<group>";
		};
		8123AED122732C78000DB2C3 /* UI */ = {
			isa = PBXGroup;
			children = (
				8123AED222732C8F000DB2C3 /* Assets.xcassets */,
				8123AEDE22732C8F000DB2C3 /* AvailableDeviceCell.swift */,
				8123AED722732C8F000DB2C3 /* AvailableDeviceCell.xib */,
				8123AED622732C8F000DB2C3 /* AvailableDevicesView.xib */,
				8123AEDB22732C8F000DB2C3 /* AvailableDevicesViewCtrl.swift */,
				8123AED822732C8F000DB2C3 /* CircleView.swift */,
				8123AEDD22732C8F000DB2C3 /* HomeView.xib */,
				8123AED322732C8F000DB2C3 /* HomeViewCtrl.swift */,
				8123AEDC22732C8F000DB2C3 /* NamingView.xib */,
				8123AED422732C8F000DB2C3 /* NamingViewCtrl.swift */,
				8123AED522732C8F000DB2C3 /* SetUpDeviceView.xib */,
				8123AED922732C8F000DB2C3 /* SetUpDeviceViewCtrl.swift */,
				8123AEDA22732C8F000DB2C3 /* ToggleView.swift */,
			);
			path = UI;
			sourceTree = "<group>";
		};
		81E09C2922569CA200CE21EB = {
			isa = PBXGroup;
			children = (
				8123AECE22732C43000DB2C3 /* Project */,
				81E09C3322569CA200CE21EB /* Products */,
				81EA13FF226B613400D962E2 /* Frameworks */,
			);
			sourceTree = "<group>";
		};
		81E09C3322569CA200CE21EB /* Products */ = {
			isa = PBXGroup;
			children = (
				81E09C3222569CA200CE21EB /* OllysProject.app */,
			);
			name = Products;
			sourceTree = "<group>";
		};
		81EA13FF226B613400D962E2 /* Frameworks */ = {
			isa = PBXGroup;
			children = (
			);
			name = Frameworks;
			sourceTree = "<group>";
		};
/* End PBXGroup section */

/* Begin PBXNativeTarget section */
		81E09C3122569CA200CE21EB /* OllysProject */ = {
			isa = PBXNativeTarget;
			buildConfigurationList = 81E09C4422569CA300CE21EB /* Build configuration list for PBXNativeTarget "OllysProject" */;
			buildPhases = (
				81E09C2E22569CA200CE21EB /* Sources */,
				81E09C2F22569CA200CE21EB /* Frameworks */,
				81E09C3022569CA200CE21EB /* Resources */,
				81708891226B8AD300DDA658 /* Embed Frameworks */,
			);
			buildRules = (
			);
			dependencies = (
			);
			name = OllysProject;
			productName = OllysProject;
			productReference = 81E09C3222569CA200CE21EB /* OllysProject.app */;
			productType = "com.apple.product-type.application";
		};
/* End PBXNativeTarget section */

/* Begin PBXProject section */
		81E09C2A22569CA200CE21EB /* Project object */ = {
			isa = PBXProject;
			attributes = {
				LastSwiftUpdateCheck = 1020;
				LastUpgradeCheck = 1020;
				ORGANIZATIONNAME = Aulendil;
				TargetAttributes = {
					81E09C3122569CA200CE21EB = {
						CreatedOnToolsVersion = 10.2;
					};
				};
			};
			buildConfigurationList = 81E09C2D22569CA200CE21EB /* Build configuration list for PBXProject "OllysProject" */;
			compatibilityVersion = "Xcode 9.3";
			developmentRegion = en;
			hasScannedForEncodings = 0;
			knownRegions = (
				en,
				Base,
			);
			mainGroup = 81E09C2922569CA200CE21EB;
			productRefGroup = 81E09C3322569CA200CE21EB /* Products */;
			projectDirPath = "";
			projectRoot = "";
			targets = (
				81E09C3122569CA200CE21EB /* OllysProject */,
			);
		};
/* End PBXProject section */

/* Begin PBXResourcesBuildPhase section */
		81E09C3022569CA200CE21EB /* Resources */ = {
			isa = PBXResourcesBuildPhase;
			buildActionMask = 2147483647;
			files = (
				8123AEF522732CC8000DB2C3 /* LaunchScreen.storyboard in Resources */,
				8123AEE922732C8F000DB2C3 /* NamingView.xib in Resources */,
				8123AEEA22732C8F000DB2C3 /* HomeView.xib in Resources */,
				8123AEE322732C8F000DB2C3 /* AvailableDevicesView.xib in Resources */,
				8123AEF422732CC8000DB2C3 /* Main.storyboard in Resources */,
				8123AEE222732C8F000DB2C3 /* SetUpDeviceView.xib in Resources */,
				8123AEDF22732C8F000DB2C3 /* Assets.xcassets in Resources */,
				8123AEE422732C8F000DB2C3 /* AvailableDeviceCell.xib in Resources */,
				8123AEEE22732CB6000DB2C3 /* Info.plist in Resources */,
			);
			runOnlyForDeploymentPostprocessing = 0;
		};
/* End PBXResourcesBuildPhase section */

/* Begin PBXSourcesBuildPhase section */
		81E09C2E22569CA200CE21EB /* Sources */ = {
			isa = PBXSourcesBuildPhase;
			buildActionMask = 2147483647;
			files = (
				8123AEEF22732CB6000DB2C3 /* AppDelegate.swift in Sources */,
				8123AEE522732C8F000DB2C3 /* CircleView.swift in Sources */,
				8123AEE022732C8F000DB2C3 /* HomeViewCtrl.swift in Sources */,
				8123AEE822732C8F000DB2C3 /* AvailableDevicesViewCtrl.swift in Sources */,
				8123AEE122732C8F000DB2C3 /* NamingViewCtrl.swift in Sources */,
				8123AEEB22732C8F000DB2C3 /* AvailableDeviceCell.swift in Sources */,
				8123AEE722732C8F000DB2C3 /* ToggleView.swift in Sources */,
				8123AEE622732C8F000DB2C3 /* SetUpDeviceViewCtrl.swift in Sources */,
			);
			runOnlyForDeploymentPostprocessing = 0;
		};
/* End PBXSourcesBuildPhase section */

/* Begin PBXVariantGroup section */
		8123AEF022732CC7000DB2C3 /* Main.storyboard */ = {
			isa = PBXVariantGroup;
			children = (
				8123AEF122732CC7000DB2C3 /* Base */,
			);
			name = Main.storyboard;
			sourceTree = "<group>";
		};
		8123AEF222732CC7000DB2C3 /* LaunchScreen.storyboard */ = {
			isa = PBXVariantGroup;
			children = (
				8123AEF322732CC7000DB2C3 /* Base */,
			);
			name = LaunchScreen.storyboard;
			sourceTree = "<group>";
		};
/* End PBXVariantGroup section */

/* Begin XCBuildConfiguration section */
		81E09C4222569CA300CE21EB /* Debug */ = {
			isa = XCBuildConfiguration;
			buildSettings = {
				ALWAYS_SEARCH_USER_PATHS = NO;
				CLANG_ANALYZER_NONNULL = YES;
				CLANG_ANALYZER_NUMBER_OBJECT_CONVERSION = YES_AGGRESSIVE;
				CLANG_CXX_LANGUAGE_STANDARD = "gnu++14";
				CLANG_CXX_LIBRARY = "libc++";
				CLANG_ENABLE_MODULES = YES;
				CLANG_ENABLE_OBJC_ARC = YES;
				CLANG_ENABLE_OBJC_WEAK = YES;
				CLANG_WARN_BLOCK_CAPTURE_AUTORELEASING = YES;
				CLANG_WARN_BOOL_CONVERSION = YES;
				CLANG_WARN_COMMA = YES;
				CLANG_WARN_CONSTANT_CONVERSION = YES;
				CLANG_WARN_DEPRECATED_OBJC_IMPLEMENTATIONS = YES;
				CLANG_WARN_DIRECT_OBJC_ISA_USAGE = YES_ERROR;
				CLANG_WARN_DOCUMENTATION_COMMENTS = YES;
				CLANG_WARN_EMPTY_BODY = YES;
				CLANG_WARN_ENUM_CONVERSION = YES;
				CLANG_WARN_INFINITE_RECURSION = YES;
				CLANG_WARN_INT_CONVERSION = YES;
				CLANG_WARN_NON_LITERAL_NULL_CONVERSION = YES;
				CLANG_WARN_OBJC_IMPLICIT_RETAIN_SELF = YES;
				CLANG_WARN_OBJC_LITERAL_CONVERSION = YES;
				CLANG_WARN_OBJC_ROOT_CLASS = YES_ERROR;
				CLANG_WARN_RANGE_LOOP_ANALYSIS = YES;
				CLANG_WARN_STRICT_PROTOTYPES = YES;
				CLANG_WARN_SUSPICIOUS_MOVE = YES;
				CLANG_WARN_UNGUARDED_AVAILABILITY = YES_AGGRESSIVE;
				CLANG_WARN_UNREACHABLE_CODE = YES;
				CLANG_WARN__DUPLICATE_METHOD_MATCH = YES;
				CODE_SIGN_IDENTITY = "iPhone Developer";
				COPY_PHASE_STRIP = NO;
				DEBUG_INFORMATION_FORMAT = dwarf;
				ENABLE_STRICT_OBJC_MSGSEND = YES;
				ENABLE_TESTABILITY = YES;
				GCC_C_LANGUAGE_STANDARD = gnu11;
				GCC_DYNAMIC_NO_PIC = NO;
				GCC_NO_COMMON_BLOCKS = YES;
				GCC_OPTIMIZATION_LEVEL = 0;
				GCC_PREPROCESSOR_DEFINITIONS = (
					"DEBUG=1",
					"$(inherited)",
				);
				GCC_WARN_64_TO_32_BIT_CONVERSION = YES;
				GCC_WARN_ABOUT_RETURN_TYPE = YES_ERROR;
				GCC_WARN_UNDECLARED_SELECTOR = YES;
				GCC_WARN_UNINITIALIZED_AUTOS = YES_AGGRESSIVE;
				GCC_WARN_UNUSED_FUNCTION = YES;
				GCC_WARN_UNUSED_VARIABLE = YES;
				IPHONEOS_DEPLOYMENT_TARGET = 12.2;
				MTL_ENABLE_DEBUG_INFO = INCLUDE_SOURCE;
				MTL_FAST_MATH = YES;
				ONLY_ACTIVE_ARCH = YES;
				SDKROOT = iphoneos;
				SWIFT_ACTIVE_COMPILATION_CONDITIONS = DEBUG;
				SWIFT_OPTIMIZATION_LEVEL = "-Onone";
			};
			name = Debug;
		};
		81E09C4322569CA300CE21EB /* Release */ = {
			isa = XCBuildConfiguration;
			buildSettings = {
				ALWAYS_SEARCH_USER_PATHS = NO;
				CLANG_ANALYZER_NONNULL = YES;
				CLANG_ANALYZER_NUMBER_OBJECT_CONVERSION = YES_AGGRESSIVE;
				CLANG_CXX_LANGUAGE_STANDARD = "gnu++14";
				CLANG_CXX_LIBRARY = "libc++";
				CLANG_ENABLE_MODULES = YES;
				CLANG_ENABLE_OBJC_ARC = YES;
				CLANG_ENABLE_OBJC_WEAK = YES;
				CLANG_WARN_BLOCK_CAPTURE_AUTORELEASING = YES;
				CLANG_WARN_BOOL_CONVERSION = YES;
				CLANG_WARN_COMMA = YES;
				CLANG_WARN_CONSTANT_CONVERSION = YES;
				CLANG_WARN_DEPRECATED_OBJC_IMPLEMENTATIONS = YES;
				CLANG_WARN_DIRECT_OBJC_ISA_USAGE = YES_ERROR;
				CLANG_WARN_DOCUMENTATION_COMMENTS = YES;
				CLANG_WARN_EMPTY_BODY = YES;
				CLANG_WARN_ENUM_CONVERSION = YES;
				CLANG_WARN_INFINITE_RECURSION = YES;
				CLANG_WARN_INT_CONVERSION = YES;
				CLANG_WARN_NON_LITERAL_NULL_CONVERSION = YES;
				CLANG_WARN_OBJC_IMPLICIT_RETAIN_SELF = YES;
				CLANG_WARN_OBJC_LITERAL_CONVERSION = YES;
				CLANG_WARN_OBJC_ROOT_CLASS = YES_ERROR;
				CLANG_WARN_RANGE_LOOP_ANALYSIS = YES;
				CLANG_WARN_STRICT_PROTOTYPES = YES;
				CLANG_WARN_SUSPICIOUS_MOVE = YES;
				CLANG_WARN_UNGUARDED_AVAILABILITY = YES_AGGRESSIVE;
				CLANG_WARN_UNREACHABLE_CODE = YES;
				CLANG_WARN__DUPLICATE_METHOD_MATCH = YES;
				CODE_SIGN_IDENTITY = "iPhone Developer";
				COPY_PHASE_STRIP = NO;
				DEBUG_INFORMATION_FORMAT = "dwarf-with-dsym";
				ENABLE_NS_ASSERTIONS = NO;
				ENABLE_STRICT_OBJC_MSGSEND = YES;
				GCC_C_LANGUAGE_STANDARD = gnu11;
				GCC_NO_COMMON_BLOCKS = YES;
				GCC_WARN_64_TO_32_BIT_CONVERSION = YES;
				GCC_WARN_ABOUT_RETURN_TYPE = YES_ERROR;
				GCC_WARN_UNDECLARED_SELECTOR = YES;
				GCC_WARN_UNINITIALIZED_AUTOS = YES_AGGRESSIVE;
				GCC_WARN_UNUSED_FUNCTION = YES;
				GCC_WARN_UNUSED_VARIABLE = YES;
				IPHONEOS_DEPLOYMENT_TARGET = 12.2;
				MTL_ENABLE_DEBUG_INFO = NO;
				MTL_FAST_MATH = YES;
				SDKROOT = iphoneos;
				SWIFT_COMPILATION_MODE = wholemodule;
				SWIFT_OPTIMIZATION_LEVEL = "-O";
				VALIDATE_PRODUCT = YES;
			};
			name = Release;
		};
		81E09C4522569CA300CE21EB /* Debug */ = {
			isa = XCBuildConfiguration;
			buildSettings = {
				ALWAYS_EMBED_SWIFT_STANDARD_LIBRARIES = YES;
				ASSETCATALOG_COMPILER_APPICON_NAME = AppIcon;
				CODE_SIGN_STYLE = Automatic;
				DEVELOPMENT_TEAM = Z683BMN45B;
				FRAMEWORK_SEARCH_PATHS = (
					"$(inherited)",
					"$(PROJECT_DIR)",
				);
				"FRAMEWORK_SEARCH_PATHS[arch=*]" = (
					"$(inherited)",
					"$(PROJECT_DIR)//OllysLibrary/Pods",
				);
				INFOPLIST_FILE = OllysProject/Info.plist;
				IPHONEOS_DEPLOYMENT_TARGET = 11.0;
				LD_RUNPATH_SEARCH_PATHS = (
					"$(inherited)",
					"@executable_path/Frameworks",
				);
				PRODUCT_BUNDLE_IDENTIFIER = Aulendil.OllysProject;
				PRODUCT_NAME = "$(TARGET_NAME)";
				SWIFT_VERSION = 5.0;
				TARGETED_DEVICE_FAMILY = "1,2";
			};
			name = Debug;
		};
		81E09C4622569CA300CE21EB /* Release */ = {
			isa = XCBuildConfiguration;
			buildSettings = {
				ALWAYS_EMBED_SWIFT_STANDARD_LIBRARIES = YES;
				ASSETCATALOG_COMPILER_APPICON_NAME = AppIcon;
				CODE_SIGN_STYLE = Automatic;
				DEVELOPMENT_TEAM = Z683BMN45B;
				FRAMEWORK_SEARCH_PATHS = (
					"$(inherited)",
					"$(PROJECT_DIR)",
				);
				"FRAMEWORK_SEARCH_PATHS[arch=*]" = (
					"$(inherited)",
					"$(PROJECT_DIR)//OllysLibrary/Pods",
				);
				INFOPLIST_FILE = OllysProject/Info.plist;
				IPHONEOS_DEPLOYMENT_TARGET = 11.0;
				LD_RUNPATH_SEARCH_PATHS = (
					"$(inherited)",
					"@executable_path/Frameworks",
				);
				PRODUCT_BUNDLE_IDENTIFIER = Aulendil.OllysProject;
				PRODUCT_NAME = "$(TARGET_NAME)";
				SWIFT_VERSION = 5.0;
				TARGETED_DEVICE_FAMILY = "1,2";
			};
			name = Release;
		};
/* End XCBuildConfiguration section */

/* Begin XCConfigurationList section */
		81E09C2D22569CA200CE21EB /* Build configuration list for PBXProject "OllysProject" */ = {
			isa = XCConfigurationList;
			buildConfigurations = (
				81E09C4222569CA300CE21EB /* Debug */,
				81E09C4322569CA300CE21EB /* Release */,
			);
			defaultConfigurationIsVisible = 0;
			defaultConfigurationName = Release;
		};
		81E09C4422569CA300CE21EB /* Build configuration list for PBXNativeTarget "OllysProject" */ = {
			isa = XCConfigurationList;
			buildConfigurations = (
				81E09C4522569CA300CE21EB /* Debug */,
				81E09C4622569CA300CE21EB /* Release */,
			);
			defaultConfigurationIsVisible = 0;
			defaultConfigurationName = Release;
		};
/* End XCConfigurationList section */
	};
	rootObject = 81E09C2A22569CA200CE21EB /* Project object */;
}
