
Microsoft Visual Studio Solution File, Format Version 12.00
# Visual Studio for Mac
Project("{FAE04EC0-301F-11D3-BF4B-00C04F79EFBC}") = "Assembly-CSharp", "Assembly-CSharp.csproj", "{F4202A5F-D73A-5D8D-007A-BBA6CFF79D08}"
EndProject
Project("{FAE04EC0-301F-11D3-BF4B-00C04F79EFBC}") = "Assembly-CSharp-firstpass", "Assembly-CSharp-firstpass.csproj", "{11FF535F-AF3F-9B8E-5DCE-C573008F43B2}"
EndProject
Global
	GlobalSection(SolutionConfigurationPlatforms) = preSolution
		Debug|Any CPU = Debug|Any CPU
		Release|Any CPU = Release|Any CPU
	EndGlobalSection
	GlobalSection(ProjectConfigurationPlatforms) = postSolution
		{F4202A5F-D73A-5D8D-007A-BBA6CFF79D08}.Debug|Any CPU.ActiveCfg = Debug|Any CPU
		{F4202A5F-D73A-5D8D-007A-BBA6CFF79D08}.Debug|Any CPU.Build.0 = Debug|Any CPU
		{F4202A5F-D73A-5D8D-007A-BBA6CFF79D08}.Release|Any CPU.ActiveCfg = Release|Any CPU
		{F4202A5F-D73A-5D8D-007A-BBA6CFF79D08}.Release|Any CPU.Build.0 = Release|Any CPU
		{11FF535F-AF3F-9B8E-5DCE-C573008F43B2}.Debug|Any CPU.ActiveCfg = Debug|Any CPU
		{11FF535F-AF3F-9B8E-5DCE-C573008F43B2}.Debug|Any CPU.Build.0 = Debug|Any CPU
		{11FF535F-AF3F-9B8E-5DCE-C573008F43B2}.Release|Any CPU.ActiveCfg = Release|Any CPU
		{11FF535F-AF3F-9B8E-5DCE-C573008F43B2}.Release|Any CPU.Build.0 = Release|Any CPU
	EndGlobalSection
	GlobalSection(SolutionProperties) = preSolution
		HideSolutionNode = FALSE
	EndGlobalSection
EndGlobal
