PODS:
  - Bolts-Swift (1.4.0)
  - MetaWear/AsyncUtils (3.2.0):
    - MetaWear/Core
  - MetaWear/Core (3.2.0):
    - Bolts-Swift (~> 1)
  - MetaWear/UI (3.2.0):
    - MetaWear/AsyncUtils
    - MetaWear/Core

DEPENDENCIES:
  - MetaWear/AsyncUtils
  - MetaWear/Core
  - MetaWear/UI

SPEC REPOS:
  https://github.com/cocoapods/specs.git:
    - Bolts-Swift
    - MetaWear

SPEC CHECKSUMS:
  Bolts-Swift: 650d72e8017721b1a6bbe43d542c4578f8e5ba6f
  MetaWear: 387b9c7b55649c04cbf2cebc12775ac9d4dc8170

PODFILE CHECKSUM: 51a5d06192090e404bedae860a8b03fb50ca0316

COCOAPODS: 1.5.3
